
Microsoft Visual Studio Solution File, Format Version 12.00
# Visual Studio Version 17
VisualStudioVersion = 17.4.33205.214
MinimumVisualStudioVersion = 10.0.40219.1
Project("{FAE04EC0-301F-11D3-BF4B-00C04F79EFBC}") = "picsum-photos-downloader", "picsum-photos-downloader\picsum-photos-downloader.csproj", "{E6ABAB2A-7DB1-47D0-9BFC-BA40557417EF}"
EndProject
Global
	GlobalSection(SolutionConfigurationPlatforms) = preSolution
		Debug|Any CPU = Debug|Any CPU
		Release|Any CPU = Release|Any CPU
	EndGlobalSection
	GlobalSection(ProjectConfigurationPlatforms) = postSolution
		{E6ABAB2A-7DB1-47D0-9BFC-BA40557417EF}.Debug|Any CPU.ActiveCfg = Debug|Any CPU
		{E6ABAB2A-7DB1-47D0-9BFC-BA40557417EF}.Debug|Any CPU.Build.0 = Debug|Any CPU
		{E6ABAB2A-7DB1-47D0-9BFC-BA40557417EF}.Release|Any CPU.ActiveCfg = Release|Any CPU
		{E6ABAB2A-7DB1-47D0-9BFC-BA40557417EF}.Release|Any CPU.Build.0 = Release|Any CPU
	EndGlobalSection
	GlobalSection(SolutionProperties) = preSolution
		HideSolutionNode = FALSE
	EndGlobalSection
	GlobalSection(ExtensibilityGlobals) = postSolution
		SolutionGuid = {5F75640A-75F8-42B2-B6AE-05CC28DFBC83}
	EndGlobalSection
EndGlobal
